
Microsoft Visual Studio Solution File, Format Version 12.00
# Visual Studio Version 17
VisualStudioVersion = 17.1.32319.34
MinimumVisualStudioVersion = 10.0.40219.1
Project("{FAE04EC0-301F-11D3-BF4B-00C04F79EFBC}") = "OBiletAPP", "OBiletAPP\OBiletAPP.csproj", "{708F1B0C-CB95-4E1F-8772-A4649F39CBD7}"
EndProject
Global
	GlobalSection(SolutionConfigurationPlatforms) = preSolution
		Debug|Any CPU = Debug|Any CPU
		Release|Any CPU = Release|Any CPU
	EndGlobalSection
	GlobalSection(ProjectConfigurationPlatforms) = postSolution
		{708F1B0C-CB95-4E1F-8772-A4649F39CBD7}.Debug|Any CPU.ActiveCfg = Debug|Any CPU
		{708F1B0C-CB95-4E1F-8772-A4649F39CBD7}.Debug|Any CPU.Build.0 = Debug|Any CPU
		{708F1B0C-CB95-4E1F-8772-A4649F39CBD7}.Release|Any CPU.ActiveCfg = Release|Any CPU
		{708F1B0C-CB95-4E1F-8772-A4649F39CBD7}.Release|Any CPU.Build.0 = Release|Any CPU
	EndGlobalSection
	GlobalSection(SolutionProperties) = preSolution
		HideSolutionNode = FALSE
	EndGlobalSection
	GlobalSection(ExtensibilityGlobals) = postSolution
		SolutionGuid = {A0D89CFF-44F9-49C7-B33F-BEE7F81F98EB}
	EndGlobalSection
EndGlobal
